
Microsoft Visual Studio Solution File, Format Version 12.00
# Visual Studio Version 16
VisualStudioVersion = 16.0.30804.86
MinimumVisualStudioVersion = 10.0.40219.1
Project("{FAE04EC0-301F-11D3-BF4B-00C04F79EFBC}") = "QuemagKevinFinal", "..\QuemagKevinFinal\QuemagKevinFinal\QuemagKevinFinal.csproj", "{FBE9FC43-D85E-459F-84FA-ADBFD9922F64}"
EndProject
Global
	GlobalSection(SolutionConfigurationPlatforms) = preSolution
		Debug|Any CPU = Debug|Any CPU
		Release|Any CPU = Release|Any CPU
	EndGlobalSection
	GlobalSection(ProjectConfigurationPlatforms) = postSolution
		{FBE9FC43-D85E-459F-84FA-ADBFD9922F64}.Debug|Any CPU.ActiveCfg = Debug|Any CPU
		{FBE9FC43-D85E-459F-84FA-ADBFD9922F64}.Debug|Any CPU.Build.0 = Debug|Any CPU
		{FBE9FC43-D85E-459F-84FA-ADBFD9922F64}.Release|Any CPU.ActiveCfg = Release|Any CPU
		{FBE9FC43-D85E-459F-84FA-ADBFD9922F64}.Release|Any CPU.Build.0 = Release|Any CPU
	EndGlobalSection
	GlobalSection(SolutionProperties) = preSolution
		HideSolutionNode = FALSE
	EndGlobalSection
	GlobalSection(ExtensibilityGlobals) = postSolution
		SolutionGuid = {F9B6CB41-8CEF-4F36-9218-05B1B023884D}
	EndGlobalSection
EndGlobal
